
Microsoft Visual Studio Solution File, Format Version 12.00
# Visual Studio Version 16
VisualStudioVersion = 16.0.30711.63
MinimumVisualStudioVersion = 10.0.40219.1
Project("{FAE04EC0-301F-11D3-BF4B-00C04F79EFBC}") = "Hagiu_Maria_Lab10", "Hagiu_Maria_Lab10\Hagiu_Maria_Lab10.csproj", "{F360EEB5-F4F0-4A1A-9AF1-8C6E1B59D0A2}"
EndProject
Project("{FAE04EC0-301F-11D3-BF4B-00C04F79EFBC}") = "gRPCClient", "gRPCClient\gRPCClient.csproj", "{B4BB06EC-37DA-4463-893C-DE03FA5C4B57}"
EndProject
Global
	GlobalSection(SolutionConfigurationPlatforms) = preSolution
		Debug|Any CPU = Debug|Any CPU
		Release|Any CPU = Release|Any CPU
	EndGlobalSection
	GlobalSection(ProjectConfigurationPlatforms) = postSolution
		{F360EEB5-F4F0-4A1A-9AF1-8C6E1B59D0A2}.Debug|Any CPU.ActiveCfg = Debug|Any CPU
		{F360EEB5-F4F0-4A1A-9AF1-8C6E1B59D0A2}.Debug|Any CPU.Build.0 = Debug|Any CPU
		{F360EEB5-F4F0-4A1A-9AF1-8C6E1B59D0A2}.Release|Any CPU.ActiveCfg = Release|Any CPU
		{F360EEB5-F4F0-4A1A-9AF1-8C6E1B59D0A2}.Release|Any CPU.Build.0 = Release|Any CPU
		{B4BB06EC-37DA-4463-893C-DE03FA5C4B57}.Debug|Any CPU.ActiveCfg = Debug|Any CPU
		{B4BB06EC-37DA-4463-893C-DE03FA5C4B57}.Debug|Any CPU.Build.0 = Debug|Any CPU
		{B4BB06EC-37DA-4463-893C-DE03FA5C4B57}.Release|Any CPU.ActiveCfg = Release|Any CPU
		{B4BB06EC-37DA-4463-893C-DE03FA5C4B57}.Release|Any CPU.Build.0 = Release|Any CPU
	EndGlobalSection
	GlobalSection(SolutionProperties) = preSolution
		HideSolutionNode = FALSE
	EndGlobalSection
	GlobalSection(ExtensibilityGlobals) = postSolution
		SolutionGuid = {25DFB984-BEC1-44C1-9077-B7208A787D29}
	EndGlobalSection
EndGlobal
